Microsoft Visual Studio Solution File, Format Version 7.00
Project("{FAE04EC0-301F-11D3-BF4B-00C04F79EFBC}") = "MetaExpr", "MetaExpr.csproj", "{70BFB096-F185-4E60-B44B-1D35E8E03B79}"
EndProject
Global
	GlobalSection(SolutionConfiguration) = preSolution
		ConfigName.0 = Debug
		ConfigName.1 = Release
	EndGlobalSection
	GlobalSection(ProjectDependencies) = postSolution
	EndGlobalSection
	GlobalSection(ProjectConfiguration) = postSolution
		{70BFB096-F185-4E60-B44B-1D35E8E03B79}.Debug.ActiveCfg = Debug|.NET
		{70BFB096-F185-4E60-B44B-1D35E8E03B79}.Debug.Build.0 = Debug|.NET
		{70BFB096-F185-4E60-B44B-1D35E8E03B79}.Release.ActiveCfg = Release|.NET
		{70BFB096-F185-4E60-B44B-1D35E8E03B79}.Release.Build.0 = Release|.NET
	EndGlobalSection
	GlobalSection(ExtensibilityGlobals) = postSolution
	EndGlobalSection
	GlobalSection(ExtensibilityAddIns) = postSolution
	EndGlobalSection
EndGlobal
